// !$*UTF8*$!
{
	archiveVersion = 1;
	classes = {
	};
	objectVersion = 55;
	objects = {

/* Begin PBXBuildFile section */
		BF019F9C2892887D00EE5DB6 /* Extensions.swift in Sources */ = {isa = PBXBuildFile; fileRef = BF019F9B2892887D00EE5DB6 /* Extensions.swift */; };
		BF03A0B62893D812008EFD3E /* PostArrayObject.swift in Sources */ = {isa = PBXBuildFile; fileRef = BF03A0B52893D812008EFD3E /* PostArrayObject.swift */; };
		BF03A0B82893DB3C008EFD3E /* CommentsView.swift in Sources */ = {isa = PBXBuildFile; fileRef = BF03A0B72893DB3C008EFD3E /* CommentsView.swift */; };
		BF07D41A289836FD00AC39E7 /* SettingsView.swift in Sources */ = {isa = PBXBuildFile; fileRef = BF07D419289836FD00AC39E7 /* SettingsView.swift */; };
		BF07D41C28983C9500AC39E7 /* SettingsLabelView.swift in Sources */ = {isa = PBXBuildFile; fileRef = BF07D41B28983C9500AC39E7 /* SettingsLabelView.swift */; };
		BF082D46289855A9000743AF /* SettingsRowView.swift in Sources */ = {isa = PBXBuildFile; fileRef = BF082D45289855A9000743AF /* SettingsRowView.swift */; };
		BF22C7E32892AC310061F58A /* FeedView.swift in Sources */ = {isa = PBXBuildFile; fileRef = BF22C7E22892AC310061F58A /* FeedView.swift */; };
		BF22C7E52892AD770061F58A /* PostView.swift in Sources */ = {isa = PBXBuildFile; fileRef = BF22C7E42892AD770061F58A /* PostView.swift */; };
		BF22C7E82893D3670061F58A /* PostModel.swift in Sources */ = {isa = PBXBuildFile; fileRef = BF22C7E72893D3670061F58A /* PostModel.swift */; };
		BF2490B0289936FF0008293E /* SettingsEditImageView.swift in Sources */ = {isa = PBXBuildFile; fileRef = BF2490AF289936FF0008293E /* SettingsEditImageView.swift */; };
		BF2C5D7728994881001E4860 /* SignUpView.swift in Sources */ = {isa = PBXBuildFile; fileRef = BF2C5D7628994881001E4860 /* SignUpView.swift */; };
		BF2F21E028955D6D00DA0DB6 /* ImageGridView.swift in Sources */ = {isa = PBXBuildFile; fileRef = BF2F21DF28955D6D00DA0DB6 /* ImageGridView.swift */; };
		BF517EC0289585C900A25061 /* UploadView.swift in Sources */ = {isa = PBXBuildFile; fileRef = BF517EBF289585C900A25061 /* UploadView.swift */; };
		BF7163AD2899315A009C09CE /* SettingsEditTextView.swift in Sources */ = {isa = PBXBuildFile; fileRef = BF7163AC2899315A009C09CE /* SettingsEditTextView.swift */; };
		BFA9258228967D2A008A97AC /* ImagePicker.swift in Sources */ = {isa = PBXBuildFile; fileRef = BFA9258128967D2A008A97AC /* ImagePicker.swift */; };
		BFA92585289690C5008A97AC /* PostImageView.swift in Sources */ = {isa = PBXBuildFile; fileRef = BFA92584289690C5008A97AC /* PostImageView.swift */; };
		BFC278BF2894249100FE43DB /* MessageView.swift in Sources */ = {isa = PBXBuildFile; fileRef = BFC278BE2894249100FE43DB /* MessageView.swift */; };
		BFC278C12894261000FE43DB /* CommentModel.swift in Sources */ = {isa = PBXBuildFile; fileRef = BFC278C02894261000FE43DB /* CommentModel.swift */; };
		BFD6CAC628908B98009AA54A /* RaccoonGramApp.swift in Sources */ = {isa = PBXBuildFile; fileRef = BFD6CAC528908B98009AA54A /* RaccoonGramApp.swift */; };
		BFD6CAC828908B98009AA54A /* ContentView.swift in Sources */ = {isa = PBXBuildFile; fileRef = BFD6CAC728908B98009AA54A /* ContentView.swift */; };
		BFD6CACA28908B9A009AA54A /* Assets.xcassets in Resources */ = {isa = PBXBuildFile; fileRef = BFD6CAC928908B9A009AA54A /* Assets.xcassets */; };
		BFD6CACD28908B9A009AA54A /* Preview Assets.xcassets in Resources */ = {isa = PBXBuildFile; fileRef = BFD6CACC28908B9A009AA54A /* Preview Assets.xcassets */; };
		BFE98CDB2891A6EC00EAD8FB /* LaunchScreen.storyboard in Resources */ = {isa = PBXBuildFile; fileRef = BFE98CDA2891A6EC00EAD8FB /* LaunchScreen.storyboard */; };
		BFE9B0F82896A671007BA449 /* ProfileView.swift in Sources */ = {isa = PBXBuildFile; fileRef = BFE9B0F72896A671007BA449 /* ProfileView.swift */; };
		BFE9B0FA2896A680007BA449 /* ProfileHeaderView.swift in Sources */ = {isa = PBXBuildFile; fileRef = BFE9B0F92896A680007BA449 /* ProfileHeaderView.swift */; };
		BFFBF01C289539BA00E041F5 /* BrowseView.swift in Sources */ = {isa = PBXBuildFile; fileRef = BFFBF01B289539BA00E041F5 /* BrowseView.swift */; };
		BFFBF01E28953A2600E041F5 /* CarouselView.swift in Sources */ = {isa = PBXBuildFile; fileRef = BFFBF01D28953A2600E041F5 /* CarouselView.swift */; };
/* End PBXBuildFile section */

/* Begin PBXFileReference section */
		BF019F9B2892887D00EE5DB6 /* Extensions.swift */ = {isa = PBXFileReference; lastKnownFileType = sourcecode.swift; path = Extensions.swift; sourceTree = "<group>"; };
		BF03A0B52893D812008EFD3E /* PostArrayObject.swift */ = {isa = PBXFileReference; lastKnownFileType = sourcecode.swift; path = PostArrayObject.swift; sourceTree = "<group>"; };
		BF03A0B72893DB3C008EFD3E /* CommentsView.swift */ = {isa = PBXFileReference; lastKnownFileType = sourcecode.swift; path = CommentsView.swift; sourceTree = "<group>"; };
		BF07D419289836FD00AC39E7 /* SettingsView.swift */ = {isa = PBXFileReference; lastKnownFileType = sourcecode.swift; path = SettingsView.swift; sourceTree = "<group>"; };
		BF07D41B28983C9500AC39E7 /* SettingsLabelView.swift */ = {isa = PBXFileReference; lastKnownFileType = sourcecode.swift; path = SettingsLabelView.swift; sourceTree = "<group>"; };
		BF082D45289855A9000743AF /* SettingsRowView.swift */ = {isa = PBXFileReference; lastKnownFileType = sourcecode.swift; path = SettingsRowView.swift; sourceTree = "<group>"; };
		BF22C7E22892AC310061F58A /* FeedView.swift */ = {isa = PBXFileReference; lastKnownFileType = sourcecode.swift; path = FeedView.swift; sourceTree = "<group>"; };
		BF22C7E42892AD770061F58A /* PostView.swift */ = {isa = PBXFileReference; lastKnownFileType = sourcecode.swift; path = PostView.swift; sourceTree = "<group>"; };
		BF22C7E72893D3670061F58A /* PostModel.swift */ = {isa = PBXFileReference; lastKnownFileType = sourcecode.swift; path = PostModel.swift; sourceTree = "<group>"; };
		BF2490AF289936FF0008293E /* SettingsEditImageView.swift */ = {isa = PBXFileReference; lastKnownFileType = sourcecode.swift; path = SettingsEditImageView.swift; sourceTree = "<group>"; };
		BF2C5D7628994881001E4860 /* SignUpView.swift */ = {isa = PBXFileReference; lastKnownFileType = sourcecode.swift; path = SignUpView.swift; sourceTree = "<group>"; };
		BF2F21DF28955D6D00DA0DB6 /* ImageGridView.swift */ = {isa = PBXFileReference; lastKnownFileType = sourcecode.swift; path = ImageGridView.swift; sourceTree = "<group>"; };
		BF517EBF289585C900A25061 /* UploadView.swift */ = {isa = PBXFileReference; lastKnownFileType = sourcecode.swift; path = UploadView.swift; sourceTree = "<group>"; };
		BF7163AC2899315A009C09CE /* SettingsEditTextView.swift */ = {isa = PBXFileReference; lastKnownFileType = sourcecode.swift; path = SettingsEditTextView.swift; sourceTree = "<group>"; };
		BFA9258128967D2A008A97AC /* ImagePicker.swift */ = {isa = PBXFileReference; lastKnownFileType = sourcecode.swift; path = ImagePicker.swift; sourceTree = "<group>"; };
		BFA9258328968615008A97AC /* Info.plist */ = {isa = PBXFileReference; lastKnownFileType = text.plist; path = Info.plist; sourceTree = "<group>"; };
		BFA92584289690C5008A97AC /* PostImageView.swift */ = {isa = PBXFileReference; lastKnownFileType = sourcecode.swift; path = PostImageView.swift; sourceTree = "<group>"; };
		BFC278BE2894249100FE43DB /* MessageView.swift */ = {isa = PBXFileReference; lastKnownFileType = sourcecode.swift; path = MessageView.swift; sourceTree = "<group>"; };
		BFC278C02894261000FE43DB /* CommentModel.swift */ = {isa = PBXFileReference; lastKnownFileType = sourcecode.swift; path = CommentModel.swift; sourceTree = "<group>"; };
		BFD6CAC228908B98009AA54A /* RaccoonGram.app */ = {isa = PBXFileReference; explicitFileType = wrapper.application; includeInIndex = 0; path = RaccoonGram.app; sourceTree = BUILT_PRODUCTS_DIR; };
		BFD6CAC528908B98009AA54A /* RaccoonGramApp.swift */ = {isa = PBXFileReference; lastKnownFileType = sourcecode.swift; path = RaccoonGramApp.swift; sourceTree = "<group>"; };
		BFD6CAC728908B98009AA54A /* ContentView.swift */ = {isa = PBXFileReference; lastKnownFileType = sourcecode.swift; path = ContentView.swift; sourceTree = "<group>"; };
		BFD6CAC928908B9A009AA54A /* Assets.xcassets */ = {isa = PBXFileReference; lastKnownFileType = folder.assetcatalog; path = Assets.xcassets; sourceTree = "<group>"; };
		BFD6CACC28908B9A009AA54A /* Preview Assets.xcassets */ = {isa = PBXFileReference; lastKnownFileType = folder.assetcatalog; path = "Preview Assets.xcassets"; sourceTree = "<group>"; };
		BFE98CDA2891A6EC00EAD8FB /* LaunchScreen.storyboard */ = {isa = PBXFileReference; lastKnownFileType = file.storyboard; path = LaunchScreen.storyboard; sourceTree = "<group>"; };
		BFE9B0F72896A671007BA449 /* ProfileView.swift */ = {isa = PBXFileReference; lastKnownFileType = sourcecode.swift; path = ProfileView.swift; sourceTree = "<group>"; };
		BFE9B0F92896A680007BA449 /* ProfileHeaderView.swift */ = {isa = PBXFileReference; lastKnownFileType = sourcecode.swift; path = ProfileHeaderView.swift; sourceTree = "<group>"; };
		BFFBF01B289539BA00E041F5 /* BrowseView.swift */ = {isa = PBXFileReference; lastKnownFileType = sourcecode.swift; path = BrowseView.swift; sourceTree = "<group>"; };
		BFFBF01D28953A2600E041F5 /* CarouselView.swift */ = {isa = PBXFileReference; lastKnownFileType = sourcecode.swift; path = CarouselView.swift; sourceTree = "<group>"; };
/* End PBXFileReference section */

/* Begin PBXFrameworksBuildPhase section */
		BFD6CABF28908B98009AA54A /* Frameworks */ = {
			isa = PBXFrameworksBuildPhase;
			buildActionMask = 2147483647;
			files = (
			);
			runOnlyForDeploymentPostprocessing = 0;
		};
/* End PBXFrameworksBuildPhase section */

/* Begin PBXGroup section */
		BF019F9A289287EB00EE5DB6 /* Helpers */ = {
			isa = PBXGroup;
			children = (
				BF019F9B2892887D00EE5DB6 /* Extensions.swift */,
			);
			path = Helpers;
			sourceTree = "<group>";
		};
		BF22C7DE2892AAE80061F58A /* Views */ = {
			isa = PBXGroup;
			children = (
				BF22C7DF2892AAF90061F58A /* Subviews */,
				BF22C7E12892AB0D0061F58A /* Screens */,
			);
			path = Views;
			sourceTree = "<group>";
		};
		BF22C7DF2892AAF90061F58A /* Subviews */ = {
			isa = PBXGroup;
			children = (
				BF22C7E42892AD770061F58A /* PostView.swift */,
				BFC278BE2894249100FE43DB /* MessageView.swift */,
				BFFBF01D28953A2600E041F5 /* CarouselView.swift */,
				BF2F21DF28955D6D00DA0DB6 /* ImageGridView.swift */,
				BFA9258128967D2A008A97AC /* ImagePicker.swift */,
				BFE9B0F92896A680007BA449 /* ProfileHeaderView.swift */,
				BF07D41B28983C9500AC39E7 /* SettingsLabelView.swift */,
				BF082D45289855A9000743AF /* SettingsRowView.swift */,
			);
			path = Subviews;
			sourceTree = "<group>";
		};
		BF22C7E12892AB0D0061F58A /* Screens */ = {
			isa = PBXGroup;
			children = (
				BFD6CAC528908B98009AA54A /* RaccoonGramApp.swift */,
				BFD6CAC728908B98009AA54A /* ContentView.swift */,
				BF22C7E22892AC310061F58A /* FeedView.swift */,
				BF03A0B72893DB3C008EFD3E /* CommentsView.swift */,
				BFFBF01B289539BA00E041F5 /* BrowseView.swift */,
				BF517EBF289585C900A25061 /* UploadView.swift */,
				BFA92584289690C5008A97AC /* PostImageView.swift */,
				BFE9B0F72896A671007BA449 /* ProfileView.swift */,
				BF07D419289836FD00AC39E7 /* SettingsView.swift */,
				BF7163AC2899315A009C09CE /* SettingsEditTextView.swift */,
				BF2490AF289936FF0008293E /* SettingsEditImageView.swift */,
				BF2C5D7628994881001E4860 /* SignUpView.swift */,
			);
			path = Screens;
			sourceTree = "<group>";
		};
		BF22C7E62893D3510061F58A /* Model */ = {
			isa = PBXGroup;
			children = (
				BF22C7E72893D3670061F58A /* PostModel.swift */,
				BF03A0B52893D812008EFD3E /* PostArrayObject.swift */,
				BFC278C02894261000FE43DB /* CommentModel.swift */,
			);
			path = Model;
			sourceTree = "<group>";
		};
		BFD6CAB928908B98009AA54A = {
			isa = PBXGroup;
			children = (
				BFD6CAC428908B98009AA54A /* RaccoonGram */,
				BFD6CAC328908B98009AA54A /* Products */,
			);
			sourceTree = "<group>";
		};
		BFD6CAC328908B98009AA54A /* Products */ = {
			isa = PBXGroup;
			children = (
				BFD6CAC228908B98009AA54A /* RaccoonGram.app */,
			);
			name = Products;
			sourceTree = "<group>";
		};
		BFD6CAC428908B98009AA54A /* RaccoonGram */ = {
			isa = PBXGroup;
			children = (
				BFA9258328968615008A97AC /* Info.plist */,
				BF22C7E62893D3510061F58A /* Model */,
				BF019F9A289287EB00EE5DB6 /* Helpers */,
				BF22C7DE2892AAE80061F58A /* Views */,
				BFD6CAC928908B9A009AA54A /* Assets.xcassets */,
				BFD6CACB28908B9A009AA54A /* Preview Content */,
				BFE98CDA2891A6EC00EAD8FB /* LaunchScreen.storyboard */,
			);
			path = RaccoonGram;
			sourceTree = "<group>";
		};
		BFD6CACB28908B9A009AA54A /* Preview Content */ = {
			isa = PBXGroup;
			children = (
				BFD6CACC28908B9A009AA54A /* Preview Assets.xcassets */,
			);
			path = "Preview Content";
			sourceTree = "<group>";
		};
/* End PBXGroup section */

/* Begin PBXNativeTarget section */
		BFD6CAC128908B98009AA54A /* RaccoonGram */ = {
			isa = PBXNativeTarget;
			buildConfigurationList = BFD6CAD028908B9A009AA54A /* Build configuration list for PBXNativeTarget "RaccoonGram" */;
			buildPhases = (
				BFD6CABE28908B98009AA54A /* Sources */,
				BFD6CABF28908B98009AA54A /* Frameworks */,
				BFD6CAC028908B98009AA54A /* Resources */,
			);
			buildRules = (
			);
			dependencies = (
			);
			name = RaccoonGram;
			productName = RaccoonGram;
			productReference = BFD6CAC228908B98009AA54A /* RaccoonGram.app */;
			productType = "com.apple.product-type.application";
		};
/* End PBXNativeTarget section */

/* Begin PBXProject section */
		BFD6CABA28908B98009AA54A /* Project object */ = {
			isa = PBXProject;
			attributes = {
				BuildIndependentTargetsInParallel = 1;
				LastSwiftUpdateCheck = 1320;
				LastUpgradeCheck = 1320;
				TargetAttributes = {
					BFD6CAC128908B98009AA54A = {
						CreatedOnToolsVersion = 13.2.1;
					};
				};
			};
			buildConfigurationList = BFD6CABD28908B98009AA54A /* Build configuration list for PBXProject "RaccoonGram" */;
			compatibilityVersion = "Xcode 13.0";
			developmentRegion = en;
			hasScannedForEncodings = 0;
			knownRegions = (
				en,
				Base,
			);
			mainGroup = BFD6CAB928908B98009AA54A;
			productRefGroup = BFD6CAC328908B98009AA54A /* Products */;
			projectDirPath = "";
			projectRoot = "";
			targets = (
				BFD6CAC128908B98009AA54A /* RaccoonGram */,
			);
		};
/* End PBXProject section */

/* Begin PBXResourcesBuildPhase section */
		BFD6CAC028908B98009AA54A /* Resources */ = {
			isa = PBXResourcesBuildPhase;
			buildActionMask = 2147483647;
			files = (
				BFE98CDB2891A6EC00EAD8FB /* LaunchScreen.storyboard in Resources */,
				BFD6CACD28908B9A009AA54A /* Preview Assets.xcassets in Resources */,
				BFD6CACA28908B9A009AA54A /* Assets.xcassets in Resources */,
			);
			runOnlyForDeploymentPostprocessing = 0;
		};
/* End PBXResourcesBuildPhase section */

/* Begin PBXSourcesBuildPhase section */
		BFD6CABE28908B98009AA54A /* Sources */ = {
			isa = PBXSourcesBuildPhase;
			buildActionMask = 2147483647;
			files = (
				BF22C7E32892AC310061F58A /* FeedView.swift in Sources */,
				BF22C7E82893D3670061F58A /* PostModel.swift in Sources */,
				BF07D41C28983C9500AC39E7 /* SettingsLabelView.swift in Sources */,
				BFA92585289690C5008A97AC /* PostImageView.swift in Sources */,
				BF2C5D7728994881001E4860 /* SignUpView.swift in Sources */,
				BFD6CAC828908B98009AA54A /* ContentView.swift in Sources */,
				BFC278BF2894249100FE43DB /* MessageView.swift in Sources */,
				BF019F9C2892887D00EE5DB6 /* Extensions.swift in Sources */,
				BF03A0B62893D812008EFD3E /* PostArrayObject.swift in Sources */,
				BF2F21E028955D6D00DA0DB6 /* ImageGridView.swift in Sources */,
				BF22C7E52892AD770061F58A /* PostView.swift in Sources */,
				BFE9B0F82896A671007BA449 /* ProfileView.swift in Sources */,
				BFFBF01C289539BA00E041F5 /* BrowseView.swift in Sources */,
				BFC278C12894261000FE43DB /* CommentModel.swift in Sources */,
				BF2490B0289936FF0008293E /* SettingsEditImageView.swift in Sources */,
				BF03A0B82893DB3C008EFD3E /* CommentsView.swift in Sources */,
				BFE9B0FA2896A680007BA449 /* ProfileHeaderView.swift in Sources */,
				BF517EC0289585C900A25061 /* UploadView.swift in Sources */,
				BFA9258228967D2A008A97AC /* ImagePicker.swift in Sources */,
				BFFBF01E28953A2600E041F5 /* CarouselView.swift in Sources */,
				BFD6CAC628908B98009AA54A /* RaccoonGramApp.swift in Sources */,
				BF07D41A289836FD00AC39E7 /* SettingsView.swift in Sources */,
				BF7163AD2899315A009C09CE /* SettingsEditTextView.swift in Sources */,
				BF082D46289855A9000743AF /* SettingsRowView.swift in Sources */,
			);
			runOnlyForDeploymentPostprocessing = 0;
		};
/* End PBXSourcesBuildPhase section */

/* Begin XCBuildConfiguration section */
		BFD6CACE28908B9A009AA54A /* Debug */ = {
			isa = XCBuildConfiguration;
			buildSettings = {
				ALWAYS_SEARCH_USER_PATHS = NO;
				CLANG_ANALYZER_NONNULL = YES;
				CLANG_ANALYZER_NUMBER_OBJECT_CONVERSION = YES_AGGRESSIVE;
				CLANG_CXX_LANGUAGE_STANDARD = "gnu++17";
				CLANG_CXX_LIBRARY = "libc++";
				CLANG_ENABLE_MODULES = YES;
				CLANG_ENABLE_OBJC_ARC = YES;
				CLANG_ENABLE_OBJC_WEAK = YES;
				CLANG_WARN_BLOCK_CAPTURE_AUTORELEASING = YES;
				CLANG_WARN_BOOL_CONVERSION = YES;
				CLANG_WARN_COMMA = YES;
				CLANG_WARN_CONSTANT_CONVERSION = YES;
				CLANG_WARN_DEPRECATED_OBJC_IMPLEMENTATIONS = YES;
				CLANG_WARN_DIRECT_OBJC_ISA_USAGE = YES_ERROR;
				CLANG_WARN_DOCUMENTATION_COMMENTS = YES;
				CLANG_WARN_EMPTY_BODY = YES;
				CLANG_WARN_ENUM_CONVERSION = YES;
				CLANG_WARN_INFINITE_RECURSION = YES;
				CLANG_WARN_INT_CONVERSION = YES;
				CLANG_WARN_NON_LITERAL_NULL_CONVERSION = YES;
				CLANG_WARN_OBJC_IMPLICIT_RETAIN_SELF = YES;
				CLANG_WARN_OBJC_LITERAL_CONVERSION = YES;
				CLANG_WARN_OBJC_ROOT_CLASS = YES_ERROR;
				CLANG_WARN_QUOTED_INCLUDE_IN_FRAMEWORK_HEADER = YES;
				CLANG_WARN_RANGE_LOOP_ANALYSIS = YES;
				CLANG_WARN_STRICT_PROTOTYPES = YES;
				CLANG_WARN_SUSPICIOUS_MOVE = YES;
				CLANG_WARN_UNGUARDED_AVAILABILITY = YES_AGGRESSIVE;
				CLANG_WARN_UNREACHABLE_CODE = YES;
				CLANG_WARN__DUPLICATE_METHOD_MATCH = YES;
				COPY_PHASE_STRIP = NO;
				DEBUG_INFORMATION_FORMAT = dwarf;
				ENABLE_STRICT_OBJC_MSGSEND = YES;
				ENABLE_TESTABILITY = YES;
				GCC_C_LANGUAGE_STANDARD = gnu11;
				GCC_DYNAMIC_NO_PIC = NO;
				GCC_NO_COMMON_BLOCKS = YES;
				GCC_OPTIMIZATION_LEVEL = 0;
				GCC_PREPROCESSOR_DEFINITIONS = (
					"DEBUG=1",
					"$(inherited)",
				);
				GCC_WARN_64_TO_32_BIT_CONVERSION = YES;
				GCC_WARN_ABOUT_RETURN_TYPE = YES_ERROR;
				GCC_WARN_UNDECLARED_SELECTOR = YES;
				GCC_WARN_UNINITIALIZED_AUTOS = YES_AGGRESSIVE;
				GCC_WARN_UNUSED_FUNCTION = YES;
				GCC_WARN_UNUSED_VARIABLE = YES;
				IPHONEOS_DEPLOYMENT_TARGET = 15.2;
				MTL_ENABLE_DEBUG_INFO = INCLUDE_SOURCE;
				MTL_FAST_MATH = YES;
				ONLY_ACTIVE_ARCH = YES;
				SDKROOT = iphoneos;
				SWIFT_ACTIVE_COMPILATION_CONDITIONS = DEBUG;
				SWIFT_OPTIMIZATION_LEVEL = "-Onone";
			};
			name = Debug;
		};
		BFD6CACF28908B9A009AA54A /* Release */ = {
			isa = XCBuildConfiguration;
			buildSettings = {
				ALWAYS_SEARCH_USER_PATHS = NO;
				CLANG_ANALYZER_NONNULL = YES;
				CLANG_ANALYZER_NUMBER_OBJECT_CONVERSION = YES_AGGRESSIVE;
				CLANG_CXX_LANGUAGE_STANDARD = "gnu++17";
				CLANG_CXX_LIBRARY = "libc++";
				CLANG_ENABLE_MODULES = YES;
				CLANG_ENABLE_OBJC_ARC = YES;
				CLANG_ENABLE_OBJC_WEAK = YES;
				CLANG_WARN_BLOCK_CAPTURE_AUTORELEASING = YES;
				CLANG_WARN_BOOL_CONVERSION = YES;
				CLANG_WARN_COMMA = YES;
				CLANG_WARN_CONSTANT_CONVERSION = YES;
				CLANG_WARN_DEPRECATED_OBJC_IMPLEMENTATIONS = YES;
				CLANG_WARN_DIRECT_OBJC_ISA_USAGE = YES_ERROR;
				CLANG_WARN_DOCUMENTATION_COMMENTS = YES;
				CLANG_WARN_EMPTY_BODY = YES;
				CLANG_WARN_ENUM_CONVERSION = YES;
				CLANG_WARN_INFINITE_RECURSION = YES;
				CLANG_WARN_INT_CONVERSION = YES;
				CLANG_WARN_NON_LITERAL_NULL_CONVERSION = YES;
				CLANG_WARN_OBJC_IMPLICIT_RETAIN_SELF = YES;
				CLANG_WARN_OBJC_LITERAL_CONVERSION = YES;
				CLANG_WARN_OBJC_ROOT_CLASS = YES_ERROR;
				CLANG_WARN_QUOTED_INCLUDE_IN_FRAMEWORK_HEADER = YES;
				CLANG_WARN_RANGE_LOOP_ANALYSIS = YES;
				CLANG_WARN_STRICT_PROTOTYPES = YES;
				CLANG_WARN_SUSPICIOUS_MOVE = YES;
				CLANG_WARN_UNGUARDED_AVAILABILITY = YES_AGGRESSIVE;
				CLANG_WARN_UNREACHABLE_CODE = YES;
				CLANG_WARN__DUPLICATE_METHOD_MATCH = YES;
				COPY_PHASE_STRIP = NO;
				DEBUG_INFORMATION_FORMAT = "dwarf-with-dsym";
				ENABLE_NS_ASSERTIONS = NO;
				ENABLE_STRICT_OBJC_MSGSEND = YES;
				GCC_C_LANGUAGE_STANDARD = gnu11;
				GCC_NO_COMMON_BLOCKS = YES;
				GCC_WARN_64_TO_32_BIT_CONVERSION = YES;
				GCC_WARN_ABOUT_RETURN_TYPE = YES_ERROR;
				GCC_WARN_UNDECLARED_SELECTOR = YES;
				GCC_WARN_UNINITIALIZED_AUTOS = YES_AGGRESSIVE;
				GCC_WARN_UNUSED_FUNCTION = YES;
				GCC_WARN_UNUSED_VARIABLE = YES;
				IPHONEOS_DEPLOYMENT_TARGET = 15.2;
				MTL_ENABLE_DEBUG_INFO = NO;
				MTL_FAST_MATH = YES;
				SDKROOT = iphoneos;
				SWIFT_COMPILATION_MODE = wholemodule;
				SWIFT_OPTIMIZATION_LEVEL = "-O";
				VALIDATE_PRODUCT = YES;
			};
			name = Release;
		};
		BFD6CAD128908B9A009AA54A /* Debug */ = {
			isa = XCBuildConfiguration;
			buildSettings = {
				ASSETCATALOG_COMPILER_APPICON_NAME = AppIcon;
				ASSETCATALOG_COMPILER_GLOBAL_ACCENT_COLOR_NAME = AccentColor;
				CODE_SIGN_STYLE = Automatic;
				CURRENT_PROJECT_VERSION = 1;
				DEVELOPMENT_ASSET_PATHS = "\"RaccoonGram/Preview Content\"";
				DEVELOPMENT_TEAM = 95JYV82DR9;
				ENABLE_PREVIEWS = YES;
				GENERATE_INFOPLIST_FILE = YES;
				INFOPLIST_FILE = RaccoonGram/Info.plist;
				INFOPLIST_KEY_NSCameraUsageDescription = "This app uses camera at the users request to take photo";
				INFOPLIST_KEY_NSPhotoLibraryUsageDescription = "this allows app to use acess photos and import/save photo";
				INFOPLIST_KEY_UIApplicationSceneManifest_Generation = YES;
				INFOPLIST_KEY_UIApplicationSupportsIndirectInputEvents = YES;
				INFOPLIST_KEY_UILaunchScreen_Generation = YES;
				INFOPLIST_KEY_UILaunchStoryboardName = LaunchScreen;
				INFOPLIST_KEY_UISupportedInterfaceOrientations = UIInterfaceOrientationPortrait;
				INFOPLIST_KEY_UISupportedInterfaceOrientations_iPad = "UIInterfaceOrientationPortrait UIInterfaceOrientationPortraitUpsideDown UIInterfaceOrientationLandscapeLeft UIInterfaceOrientationLandscapeRight";
				INFOPLIST_KEY_UISupportedInterfaceOrientations_iPhone = "UIInterfaceOrientationPortrait UIInterfaceOrientationLandscapeLeft UIInterfaceOrientationLandscapeRight";
				LD_RUNPATH_SEARCH_PATHS = (
					"$(inherited)",
					"@executable_path/Frameworks",
				);
				MARKETING_VERSION = 1.0;
				PRODUCT_BUNDLE_IDENTIFIER = com.EmrahKarabulut.RaccoonGram;
				PRODUCT_NAME = "$(TARGET_NAME)";
				SWIFT_EMIT_LOC_STRINGS = YES;
				SWIFT_VERSION = 5.0;
				TARGETED_DEVICE_FAMILY = 1;
			};
			name = Debug;
		};
		BFD6CAD228908B9A009AA54A /* Release */ = {
			isa = XCBuildConfiguration;
			buildSettings = {
				ASSETCATALOG_COMPILER_APPICON_NAME = AppIcon;
				ASSETCATALOG_COMPILER_GLOBAL_ACCENT_COLOR_NAME = AccentColor;
				CODE_SIGN_STYLE = Automatic;
				CURRENT_PROJECT_VERSION = 1;
				DEVELOPMENT_ASSET_PATHS = "\"RaccoonGram/Preview Content\"";
				DEVELOPMENT_TEAM = 95JYV82DR9;
				ENABLE_PREVIEWS = YES;
				GENERATE_INFOPLIST_FILE = YES;
				INFOPLIST_FILE = RaccoonGram/Info.plist;
				INFOPLIST_KEY_NSCameraUsageDescription = "This app uses camera at the users request to take photo";
				INFOPLIST_KEY_NSPhotoLibraryUsageDescription = "this allows app to use acess photos and import/save photo";
				INFOPLIST_KEY_UIApplicationSceneManifest_Generation = YES;
				INFOPLIST_KEY_UIApplicationSupportsIndirectInputEvents = YES;
				INFOPLIST_KEY_UILaunchScreen_Generation = YES;
				INFOPLIST_KEY_UILaunchStoryboardName = LaunchScreen;
				INFOPLIST_KEY_UISupportedInterfaceOrientations = UIInterfaceOrientationPortrait;
				INFOPLIST_KEY_UISupportedInterfaceOrientations_iPad = "UIInterfaceOrientationPortrait UIInterfaceOrientationPortraitUpsideDown UIInterfaceOrientationLandscapeLeft UIInterfaceOrientationLandscapeRight";
				INFOPLIST_KEY_UISupportedInterfaceOrientations_iPhone = "UIInterfaceOrientationPortrait UIInterfaceOrientationLandscapeLeft UIInterfaceOrientationLandscapeRight";
				LD_RUNPATH_SEARCH_PATHS = (
					"$(inherited)",
					"@executable_path/Frameworks",
				);
				MARKETING_VERSION = 1.0;
				PRODUCT_BUNDLE_IDENTIFIER = com.EmrahKarabulut.RaccoonGram;
				PRODUCT_NAME = "$(TARGET_NAME)";
				SWIFT_EMIT_LOC_STRINGS = YES;
				SWIFT_VERSION = 5.0;
				TARGETED_DEVICE_FAMILY = 1;
			};
			name = Release;
		};
/* End XCBuildConfiguration section */

/* Begin XCConfigurationList section */
		BFD6CABD28908B98009AA54A /* Build configuration list for PBXProject "RaccoonGram" */ = {
			isa = XCConfigurationList;
			buildConfigurations = (
				BFD6CACE28908B9A009AA54A /* Debug */,
				BFD6CACF28908B9A009AA54A /* Release */,
			);
			defaultConfigurationIsVisible = 0;
			defaultConfigurationName = Release;
		};
		BFD6CAD028908B9A009AA54A /* Build configuration list for PBXNativeTarget "RaccoonGram" */ = {
			isa = XCConfigurationList;
			buildConfigurations = (
				BFD6CAD128908B9A009AA54A /* Debug */,
				BFD6CAD228908B9A009AA54A /* Release */,
			);
			defaultConfigurationIsVisible = 0;
			defaultConfigurationName = Release;
		};
/* End XCConfigurationList section */
	};
	rootObject = BFD6CABA28908B98009AA54A /* Project object */;
}
